
Microsoft Visual Studio Solution File, Format Version 12.00
# Visual Studio Version 17
VisualStudioVersion = 17.13.35919.96
MinimumVisualStudioVersion = 10.0.40219.1
Project("{FAE04EC0-301F-11D3-BF4B-00C04F79EFBC}") = "Bai01", "Bai01\Bai01.csproj", "{D3A860DD-22E6-478F-B9F5-7A898717423B}"
EndProject
Project("{FAE04EC0-301F-11D3-BF4B-00C04F79EFBC}") = "Bai02", "Bai02\Bai02.csproj", "{D21979E2-A3C3-475F-8A56-61207581F564}"
EndProject
Project("{FAE04EC0-301F-11D3-BF4B-00C04F79EFBC}") = "Bai06", "Bai06\Bai06.csproj", "{514156ED-5E3B-4BCF-63F6-ED8C7EA7D1D0}"
EndProject
Global
	GlobalSection(SolutionConfigurationPlatforms) = preSolution
		Debug|Any CPU = Debug|Any CPU
		Release|Any CPU = Release|Any CPU
	EndGlobalSection
	GlobalSection(ProjectConfigurationPlatforms) = postSolution
		{D3A860DD-22E6-478F-B9F5-7A898717423B}.Debug|Any CPU.ActiveCfg = Debug|Any CPU
		{D3A860DD-22E6-478F-B9F5-7A898717423B}.Debug|Any CPU.Build.0 = Debug|Any CPU
		{D3A860DD-22E6-478F-B9F5-7A898717423B}.Release|Any CPU.ActiveCfg = Release|Any CPU
		{D3A860DD-22E6-478F-B9F5-7A898717423B}.Release|Any CPU.Build.0 = Release|Any CPU
		{D21979E2-A3C3-475F-8A56-61207581F564}.Debug|Any CPU.ActiveCfg = Debug|Any CPU
		{D21979E2-A3C3-475F-8A56-61207581F564}.Debug|Any CPU.Build.0 = Debug|Any CPU
		{D21979E2-A3C3-475F-8A56-61207581F564}.Release|Any CPU.ActiveCfg = Release|Any CPU
		{D21979E2-A3C3-475F-8A56-61207581F564}.Release|Any CPU.Build.0 = Release|Any CPU
		{514156ED-5E3B-4BCF-63F6-ED8C7EA7D1D0}.Debug|Any CPU.ActiveCfg = Debug|Any CPU
		{514156ED-5E3B-4BCF-63F6-ED8C7EA7D1D0}.Debug|Any CPU.Build.0 = Debug|Any CPU
		{514156ED-5E3B-4BCF-63F6-ED8C7EA7D1D0}.Release|Any CPU.ActiveCfg = Release|Any CPU
		{514156ED-5E3B-4BCF-63F6-ED8C7EA7D1D0}.Release|Any CPU.Build.0 = Release|Any CPU
	EndGlobalSection
	GlobalSection(SolutionProperties) = preSolution
		HideSolutionNode = FALSE
	EndGlobalSection
	GlobalSection(ExtensibilityGlobals) = postSolution
		SolutionGuid = {DBF205BF-D2F1-438D-AF8F-E3F7C18A39DB}
	EndGlobalSection
EndGlobal
