
Microsoft Visual Studio Solution File, Format Version 12.00
# Visual Studio Version 17
VisualStudioVersion = 17.13.35919.96
MinimumVisualStudioVersion = 10.0.40219.1
Project("{FAE04EC0-301F-11D3-BF4B-00C04F79EFBC}") = "Bai01", "Bai01\Bai01.csproj", "{D3A860DD-22E6-478F-B9F5-7A898717423B}"
EndProject
Project("{FAE04EC0-301F-11D3-BF4B-00C04F79EFBC}") = "Bai02", "Bai02\Bai02.csproj", "{D21979E2-A3C3-475F-8A56-61207581F564}"
EndProject
Project("{FAE04EC0-301F-11D3-BF4B-00C04F79EFBC}") = "Bai06", "Bai06\Bai06.csproj", "{514156ED-5E3B-4BCF-63F6-ED8C7EA7D1D0}"
Project("{FAE04EC0-301F-11D3-BF4B-00C04F79EFBC}") = "bai5", "bai5\bai5.csproj", "{8FA4AF13-268D-499D-BFC5-3E31C27FEC27}"
EndProject
Project("{FAE04EC0-301F-11D3-BF4B-00C04F79EFBC}") = "bai7", "bai7\bai7.csproj", "{B5332D56-3DE1-43E2-936B-CE55591829D2}"
EndProject
Project("{FAE04EC0-301F-11D3-BF4B-00C04F79EFBC}") = "Bai07Riel", "Bai07Riel\Bai07Riel.csproj", "{CF360070-4D06-4651-AE30-4D0EF6514CDE}"
EndProject
Global
	GlobalSection(SolutionConfigurationPlatforms) = preSolution
		Debug|Any CPU = Debug|Any CPU
		Release|Any CPU = Release|Any CPU
	EndGlobalSection
	GlobalSection(ProjectConfigurationPlatforms) = postSolution
		{D3A860DD-22E6-478F-B9F5-7A898717423B}.Debug|Any CPU.ActiveCfg = Debug|Any CPU
		{D3A860DD-22E6-478F-B9F5-7A898717423B}.Debug|Any CPU.Build.0 = Debug|Any CPU
		{D3A860DD-22E6-478F-B9F5-7A898717423B}.Release|Any CPU.ActiveCfg = Release|Any CPU
		{D3A860DD-22E6-478F-B9F5-7A898717423B}.Release|Any CPU.Build.0 = Release|Any CPU
		{D21979E2-A3C3-475F-8A56-61207581F564}.Debug|Any CPU.ActiveCfg = Debug|Any CPU
		{D21979E2-A3C3-475F-8A56-61207581F564}.Debug|Any CPU.Build.0 = Debug|Any CPU
		{D21979E2-A3C3-475F-8A56-61207581F564}.Release|Any CPU.ActiveCfg = Release|Any CPU
		{D21979E2-A3C3-475F-8A56-61207581F564}.Release|Any CPU.Build.0 = Release|Any CPU
		{8FA4AF13-268D-499D-BFC5-3E31C27FEC27}.Debug|Any CPU.ActiveCfg = Debug|Any CPU
		{8FA4AF13-268D-499D-BFC5-3E31C27FEC27}.Debug|Any CPU.Build.0 = Debug|Any CPU
		{8FA4AF13-268D-499D-BFC5-3E31C27FEC27}.Release|Any CPU.ActiveCfg = Release|Any CPU
		{8FA4AF13-268D-499D-BFC5-3E31C27FEC27}.Release|Any CPU.Build.0 = Release|Any CPU
		{B5332D56-3DE1-43E2-936B-CE55591829D2}.Debug|Any CPU.ActiveCfg = Debug|Any CPU
		{B5332D56-3DE1-43E2-936B-CE55591829D2}.Debug|Any CPU.Build.0 = Debug|Any CPU
		{B5332D56-3DE1-43E2-936B-CE55591829D2}.Release|Any CPU.ActiveCfg = Release|Any CPU
		{B5332D56-3DE1-43E2-936B-CE55591829D2}.Release|Any CPU.Build.0 = Release|Any CPU
		{CF360070-4D06-4651-AE30-4D0EF6514CDE}.Debug|Any CPU.ActiveCfg = Debug|Any CPU
		{CF360070-4D06-4651-AE30-4D0EF6514CDE}.Debug|Any CPU.Build.0 = Debug|Any CPU
		{CF360070-4D06-4651-AE30-4D0EF6514CDE}.Release|Any CPU.ActiveCfg = Release|Any CPU
		{CF360070-4D06-4651-AE30-4D0EF6514CDE}.Release|Any CPU.Build.0 = Release|Any CPU
	EndGlobalSection
	GlobalSection(SolutionProperties) = preSolution
		HideSolutionNode = FALSE
	EndGlobalSection
	GlobalSection(ExtensibilityGlobals) = postSolution
		SolutionGuid = {DBF205BF-D2F1-438D-AF8F-E3F7C18A39DB}
	EndGlobalSection
EndGlobal
